
Microsoft Visual Studio Solution File, Format Version 12.00
# Visual Studio Version 17
VisualStudioVersion = 17.0.32112.339
MinimumVisualStudioVersion = 10.0.40219.1
Project("{FAE04EC0-301F-11D3-BF4B-00C04F79EFBC}") = "MongoDbDemo.Android", "MongoDbDemo.Android\MongoDbDemo.Android.csproj", "{DE03FCD5-E062-47D4-AA33-150FD618B82A}"
EndProject
Project("{FAE04EC0-301F-11D3-BF4B-00C04F79EFBC}") = "MongoDbDemo.iOS", "MongoDbDemo.iOS\MongoDbDemo.iOS.csproj", "{4D2D001B-3396-40F6-ACC7-4164665E59D5}"
EndProject
Project("{FAE04EC0-301F-11D3-BF4B-00C04F79EFBC}") = "MongoDbDemo", "MongoDbDemo\MongoDbDemo.csproj", "{DB3816E7-87AC-4F86-A137-F20BF322B2D8}"
EndProject
Project("{FAE04EC0-301F-11D3-BF4B-00C04F79EFBC}") = "MongoDbApi", "..\MongoDbApi\MongoDbApi.csproj", "{C90DF3E9-2FE5-4910-BB60-5D6E6BA696A3}"
EndProject
Global
	GlobalSection(SolutionConfigurationPlatforms) = preSolution
		Debug|Any CPU = Debug|Any CPU
		Debug|iPhone = Debug|iPhone
		Debug|iPhoneSimulator = Debug|iPhoneSimulator
		Release|Any CPU = Release|Any CPU
		Release|iPhone = Release|iPhone
		Release|iPhoneSimulator = Release|iPhoneSimulator
	EndGlobalSection
	GlobalSection(ProjectConfigurationPlatforms) = postSolution
		{DE03FCD5-E062-47D4-AA33-150FD618B82A}.Debug|Any CPU.ActiveCfg = Debug|Any CPU
		{DE03FCD5-E062-47D4-AA33-150FD618B82A}.Debug|Any CPU.Build.0 = Debug|Any CPU
		{DE03FCD5-E062-47D4-AA33-150FD618B82A}.Debug|Any CPU.Deploy.0 = Debug|Any CPU
		{DE03FCD5-E062-47D4-AA33-150FD618B82A}.Debug|iPhone.ActiveCfg = Debug|Any CPU
		{DE03FCD5-E062-47D4-AA33-150FD618B82A}.Debug|iPhone.Build.0 = Debug|Any CPU
		{DE03FCD5-E062-47D4-AA33-150FD618B82A}.Debug|iPhone.Deploy.0 = Debug|Any CPU
		{DE03FCD5-E062-47D4-AA33-150FD618B82A}.Debug|iPhoneSimulator.ActiveCfg = Debug|Any CPU
		{DE03FCD5-E062-47D4-AA33-150FD618B82A}.Debug|iPhoneSimulator.Build.0 = Debug|Any CPU
		{DE03FCD5-E062-47D4-AA33-150FD618B82A}.Debug|iPhoneSimulator.Deploy.0 = Debug|Any CPU
		{DE03FCD5-E062-47D4-AA33-150FD618B82A}.Release|Any CPU.ActiveCfg = Release|Any CPU
		{DE03FCD5-E062-47D4-AA33-150FD618B82A}.Release|Any CPU.Build.0 = Release|Any CPU
		{DE03FCD5-E062-47D4-AA33-150FD618B82A}.Release|Any CPU.Deploy.0 = Release|Any CPU
		{DE03FCD5-E062-47D4-AA33-150FD618B82A}.Release|iPhone.ActiveCfg = Release|Any CPU
		{DE03FCD5-E062-47D4-AA33-150FD618B82A}.Release|iPhone.Build.0 = Release|Any CPU
		{DE03FCD5-E062-47D4-AA33-150FD618B82A}.Release|iPhone.Deploy.0 = Release|Any CPU
		{DE03FCD5-E062-47D4-AA33-150FD618B82A}.Release|iPhoneSimulator.ActiveCfg = Release|Any CPU
		{DE03FCD5-E062-47D4-AA33-150FD618B82A}.Release|iPhoneSimulator.Build.0 = Release|Any CPU
		{DE03FCD5-E062-47D4-AA33-150FD618B82A}.Release|iPhoneSimulator.Deploy.0 = Release|Any CPU
		{4D2D001B-3396-40F6-ACC7-4164665E59D5}.Debug|Any CPU.ActiveCfg = Debug|iPhone
		{4D2D001B-3396-40F6-ACC7-4164665E59D5}.Debug|Any CPU.Build.0 = Debug|iPhone
		{4D2D001B-3396-40F6-ACC7-4164665E59D5}.Debug|Any CPU.Deploy.0 = Debug|iPhone
		{4D2D001B-3396-40F6-ACC7-4164665E59D5}.Debug|iPhone.ActiveCfg = Debug|iPhone
		{4D2D001B-3396-40F6-ACC7-4164665E59D5}.Debug|iPhone.Build.0 = Debug|iPhone
		{4D2D001B-3396-40F6-ACC7-4164665E59D5}.Debug|iPhone.Deploy.0 = Debug|iPhone
		{4D2D001B-3396-40F6-ACC7-4164665E59D5}.Debug|iPhoneSimulator.ActiveCfg = Debug|iPhoneSimulator
		{4D2D001B-3396-40F6-ACC7-4164665E59D5}.Debug|iPhoneSimulator.Build.0 = Debug|iPhoneSimulator
		{4D2D001B-3396-40F6-ACC7-4164665E59D5}.Debug|iPhoneSimulator.Deploy.0 = Debug|iPhoneSimulator
		{4D2D001B-3396-40F6-ACC7-4164665E59D5}.Release|Any CPU.ActiveCfg = Release|iPhoneSimulator
		{4D2D001B-3396-40F6-ACC7-4164665E59D5}.Release|Any CPU.Build.0 = Release|iPhoneSimulator
		{4D2D001B-3396-40F6-ACC7-4164665E59D5}.Release|Any CPU.Deploy.0 = Release|iPhoneSimulator
		{4D2D001B-3396-40F6-ACC7-4164665E59D5}.Release|iPhone.ActiveCfg = Release|iPhone
		{4D2D001B-3396-40F6-ACC7-4164665E59D5}.Release|iPhone.Build.0 = Release|iPhone
		{4D2D001B-3396-40F6-ACC7-4164665E59D5}.Release|iPhone.Deploy.0 = Release|iPhone
		{4D2D001B-3396-40F6-ACC7-4164665E59D5}.Release|iPhoneSimulator.ActiveCfg = Release|iPhoneSimulator
		{4D2D001B-3396-40F6-ACC7-4164665E59D5}.Release|iPhoneSimulator.Build.0 = Release|iPhoneSimulator
		{4D2D001B-3396-40F6-ACC7-4164665E59D5}.Release|iPhoneSimulator.Deploy.0 = Release|iPhoneSimulator
		{DB3816E7-87AC-4F86-A137-F20BF322B2D8}.Debug|Any CPU.ActiveCfg = Debug|Any CPU
		{DB3816E7-87AC-4F86-A137-F20BF322B2D8}.Debug|Any CPU.Build.0 = Debug|Any CPU
		{DB3816E7-87AC-4F86-A137-F20BF322B2D8}.Debug|Any CPU.Deploy.0 = Debug|Any CPU
		{DB3816E7-87AC-4F86-A137-F20BF322B2D8}.Debug|iPhone.ActiveCfg = Debug|Any CPU
		{DB3816E7-87AC-4F86-A137-F20BF322B2D8}.Debug|iPhone.Build.0 = Debug|Any CPU
		{DB3816E7-87AC-4F86-A137-F20BF322B2D8}.Debug|iPhone.Deploy.0 = Debug|Any CPU
		{DB3816E7-87AC-4F86-A137-F20BF322B2D8}.Debug|iPhoneSimulator.ActiveCfg = Debug|Any CPU
		{DB3816E7-87AC-4F86-A137-F20BF322B2D8}.Debug|iPhoneSimulator.Build.0 = Debug|Any CPU
		{DB3816E7-87AC-4F86-A137-F20BF322B2D8}.Debug|iPhoneSimulator.Deploy.0 = Debug|Any CPU
		{DB3816E7-87AC-4F86-A137-F20BF322B2D8}.Release|Any CPU.ActiveCfg = Release|Any CPU
		{DB3816E7-87AC-4F86-A137-F20BF322B2D8}.Release|Any CPU.Build.0 = Release|Any CPU
		{DB3816E7-87AC-4F86-A137-F20BF322B2D8}.Release|Any CPU.Deploy.0 = Release|Any CPU
		{DB3816E7-87AC-4F86-A137-F20BF322B2D8}.Release|iPhone.ActiveCfg = Release|Any CPU
		{DB3816E7-87AC-4F86-A137-F20BF322B2D8}.Release|iPhone.Build.0 = Release|Any CPU
		{DB3816E7-87AC-4F86-A137-F20BF322B2D8}.Release|iPhone.Deploy.0 = Release|Any CPU
		{DB3816E7-87AC-4F86-A137-F20BF322B2D8}.Release|iPhoneSimulator.ActiveCfg = Release|Any CPU
		{DB3816E7-87AC-4F86-A137-F20BF322B2D8}.Release|iPhoneSimulator.Build.0 = Release|Any CPU
		{DB3816E7-87AC-4F86-A137-F20BF322B2D8}.Release|iPhoneSimulator.Deploy.0 = Release|Any CPU
		{C90DF3E9-2FE5-4910-BB60-5D6E6BA696A3}.Debug|Any CPU.ActiveCfg = Debug|Any CPU
		{C90DF3E9-2FE5-4910-BB60-5D6E6BA696A3}.Debug|Any CPU.Build.0 = Debug|Any CPU
		{C90DF3E9-2FE5-4910-BB60-5D6E6BA696A3}.Debug|iPhone.ActiveCfg = Debug|Any CPU
		{C90DF3E9-2FE5-4910-BB60-5D6E6BA696A3}.Debug|iPhone.Build.0 = Debug|Any CPU
		{C90DF3E9-2FE5-4910-BB60-5D6E6BA696A3}.Debug|iPhoneSimulator.ActiveCfg = Debug|Any CPU
		{C90DF3E9-2FE5-4910-BB60-5D6E6BA696A3}.Debug|iPhoneSimulator.Build.0 = Debug|Any CPU
		{C90DF3E9-2FE5-4910-BB60-5D6E6BA696A3}.Release|Any CPU.ActiveCfg = Release|Any CPU
		{C90DF3E9-2FE5-4910-BB60-5D6E6BA696A3}.Release|Any CPU.Build.0 = Release|Any CPU
		{C90DF3E9-2FE5-4910-BB60-5D6E6BA696A3}.Release|iPhone.ActiveCfg = Release|Any CPU
		{C90DF3E9-2FE5-4910-BB60-5D6E6BA696A3}.Release|iPhone.Build.0 = Release|Any CPU
		{C90DF3E9-2FE5-4910-BB60-5D6E6BA696A3}.Release|iPhoneSimulator.ActiveCfg = Release|Any CPU
		{C90DF3E9-2FE5-4910-BB60-5D6E6BA696A3}.Release|iPhoneSimulator.Build.0 = Release|Any CPU
	EndGlobalSection
	GlobalSection(SolutionProperties) = preSolution
		HideSolutionNode = FALSE
	EndGlobalSection
	GlobalSection(ExtensibilityGlobals) = postSolution
		SolutionGuid = {E4AC9325-ED33-475B-9169-21DB1CC09DB3}
	EndGlobalSection
EndGlobal
